// !$*UTF8*$!
{
	archiveVersion = 1;
	classes = {
	};
	objectVersion = 51;
	objects = {

/* Begin PBXBuildFile section */
		0443D4002993B6DD007D4E65 /* DatingHistoria-Regular.ttf in Resources */ = {isa = PBXBuildFile; fileRef = 0443D3FF2993B6DD007D4E65 /* DatingHistoria-Regular.ttf */; };
		0474C21729912634005ABD7D /* CharacterDetailInfoController.swift in Sources */ = {isa = PBXBuildFile; fileRef = 0474C21629912634005ABD7D /* CharacterDetailInfoController.swift */; };
		0474C219299126D1005ABD7D /* CharacterInfoView.swift in Sources */ = {isa = PBXBuildFile; fileRef = 0474C218299126D1005ABD7D /* CharacterInfoView.swift */; };
		04C99A35298BD1A80051C4D2 /* AppDelegate.swift in Sources */ = {isa = PBXBuildFile; fileRef = 04C99A34298BD1A80051C4D2 /* AppDelegate.swift */; };
		04C99A3C298BD1A90051C4D2 /* Assets.xcassets in Resources */ = {isa = PBXBuildFile; fileRef = 04C99A3B298BD1A90051C4D2 /* Assets.xcassets */; };
		04C99A3F298BD1A90051C4D2 /* LaunchScreen.storyboard in Resources */ = {isa = PBXBuildFile; fileRef = 04C99A3D298BD1A90051C4D2 /* LaunchScreen.storyboard */; };
		04C99A4A298BD1A90051C4D2 /* Harry_Potter_CharactersTests.swift in Sources */ = {isa = PBXBuildFile; fileRef = 04C99A49298BD1A90051C4D2 /* Harry_Potter_CharactersTests.swift */; };
		04C99A55298BD1A90051C4D2 /* Harry_Potter_CharactersUITests.swift in Sources */ = {isa = PBXBuildFile; fileRef = 04C99A54298BD1A90051C4D2 /* Harry_Potter_CharactersUITests.swift */; };
		04C99A68298BD5810051C4D2 /* CharactersViewController.swift in Sources */ = {isa = PBXBuildFile; fileRef = 04C99A67298BD5810051C4D2 /* CharactersViewController.swift */; };
		04C99A6A298BDD830051C4D2 /* Character.swift in Sources */ = {isa = PBXBuildFile; fileRef = 04C99A69298BDD830051C4D2 /* Character.swift */; };
		04C99A6F298BE5200051C4D2 /* Extensions.swift in Sources */ = {isa = PBXBuildFile; fileRef = 04C99A6E298BE5200051C4D2 /* Extensions.swift */; };
		04C99A71298BEBBA0051C4D2 /* CharacterCell.swift in Sources */ = {isa = PBXBuildFile; fileRef = 04C99A70298BEBBA0051C4D2 /* CharacterCell.swift */; };
		04C99A73298BF0F30051C4D2 /* NetworkManager.swift in Sources */ = {isa = PBXBuildFile; fileRef = 04C99A72298BF0F30051C4D2 /* NetworkManager.swift */; };
/* End PBXBuildFile section */

/* Begin PBXContainerItemProxy section */
		04C99A46298BD1A90051C4D2 /* PBXContainerItemProxy */ = {
			isa = PBXContainerItemProxy;
			containerPortal = 04C99A29298BD1A80051C4D2 /* Project object */;
			proxyType = 1;
			remoteGlobalIDString = 04C99A30298BD1A80051C4D2;
			remoteInfo = "Harry Potter Characters";
		};
		04C99A51298BD1A90051C4D2 /* PBXContainerItemProxy */ = {
			isa = PBXContainerItemProxy;
			containerPortal = 04C99A29298BD1A80051C4D2 /* Project object */;
			proxyType = 1;
			remoteGlobalIDString = 04C99A30298BD1A80051C4D2;
			remoteInfo = "Harry Potter Characters";
		};
/* End PBXContainerItemProxy section */

/* Begin PBXFileReference section */
		0443D3FF2993B6DD007D4E65 /* DatingHistoria-Regular.ttf */ = {isa = PBXFileReference; lastKnownFileType = file; path = "DatingHistoria-Regular.ttf"; sourceTree = "<group>"; };
		0474C21629912634005ABD7D /* CharacterDetailInfoController.swift */ = {isa = PBXFileReference; lastKnownFileType = sourcecode.swift; path = CharacterDetailInfoController.swift; sourceTree = "<group>"; };
		0474C218299126D1005ABD7D /* CharacterInfoView.swift */ = {isa = PBXFileReference; lastKnownFileType = sourcecode.swift; path = CharacterInfoView.swift; sourceTree = "<group>"; };
		04C99A31298BD1A80051C4D2 /* Harry Potter Characters.app */ = {isa = PBXFileReference; explicitFileType = wrapper.application; includeInIndex = 0; path = "Harry Potter Characters.app"; sourceTree = BUILT_PRODUCTS_DIR; };
		04C99A34298BD1A80051C4D2 /* AppDelegate.swift */ = {isa = PBXFileReference; lastKnownFileType = sourcecode.swift; path = AppDelegate.swift; sourceTree = "<group>"; };
		04C99A3B298BD1A90051C4D2 /* Assets.xcassets */ = {isa = PBXFileReference; lastKnownFileType = folder.assetcatalog; path = Assets.xcassets; sourceTree = "<group>"; };
		04C99A3E298BD1A90051C4D2 /* Base */ = {isa = PBXFileReference; lastKnownFileType = file.storyboard; name = Base; path = Base.lproj/LaunchScreen.storyboard; sourceTree = "<group>"; };
		04C99A40298BD1A90051C4D2 /* Info.plist */ = {isa = PBXFileReference; lastKnownFileType = text.plist.xml; path = Info.plist; sourceTree = "<group>"; };
		04C99A45298BD1A90051C4D2 /* Harry Potter CharactersTests.xctest */ = {isa = PBXFileReference; explicitFileType = wrapper.cfbundle; includeInIndex = 0; path = "Harry Potter CharactersTests.xctest"; sourceTree = BUILT_PRODUCTS_DIR; };
		04C99A49298BD1A90051C4D2 /* Harry_Potter_CharactersTests.swift */ = {isa = PBXFileReference; lastKnownFileType = sourcecode.swift; path = Harry_Potter_CharactersTests.swift; sourceTree = "<group>"; };
		04C99A4B298BD1A90051C4D2 /* Info.plist */ = {isa = PBXFileReference; lastKnownFileType = text.plist.xml; path = Info.plist; sourceTree = "<group>"; };
		04C99A50298BD1A90051C4D2 /* Harry Potter CharactersUITests.xctest */ = {isa = PBXFileReference; explicitFileType = wrapper.cfbundle; includeInIndex = 0; path = "Harry Potter CharactersUITests.xctest"; sourceTree = BUILT_PRODUCTS_DIR; };
		04C99A54298BD1A90051C4D2 /* Harry_Potter_CharactersUITests.swift */ = {isa = PBXFileReference; lastKnownFileType = sourcecode.swift; path = Harry_Potter_CharactersUITests.swift; sourceTree = "<group>"; };
		04C99A56298BD1A90051C4D2 /* Info.plist */ = {isa = PBXFileReference; lastKnownFileType = text.plist.xml; path = Info.plist; sourceTree = "<group>"; };
		04C99A67298BD5810051C4D2 /* CharactersViewController.swift */ = {isa = PBXFileReference; lastKnownFileType = sourcecode.swift; path = CharactersViewController.swift; sourceTree = "<group>"; };
		04C99A69298BDD830051C4D2 /* Character.swift */ = {isa = PBXFileReference; lastKnownFileType = sourcecode.swift; path = Character.swift; sourceTree = "<group>"; };
		04C99A6E298BE5200051C4D2 /* Extensions.swift */ = {isa = PBXFileReference; lastKnownFileType = sourcecode.swift; path = Extensions.swift; sourceTree = "<group>"; };
		04C99A70298BEBBA0051C4D2 /* CharacterCell.swift */ = {isa = PBXFileReference; lastKnownFileType = sourcecode.swift; path = CharacterCell.swift; sourceTree = "<group>"; };
		04C99A72298BF0F30051C4D2 /* NetworkManager.swift */ = {isa = PBXFileReference; lastKnownFileType = sourcecode.swift; path = NetworkManager.swift; sourceTree = "<group>"; };
/* End PBXFileReference section */

/* Begin PBXFrameworksBuildPhase section */
		04C99A2E298BD1A80051C4D2 /* Frameworks */ = {
			isa = PBXFrameworksBuildPhase;
			buildActionMask = 2147483647;
			files = (
			);
			runOnlyForDeploymentPostprocessing = 0;
		};
		04C99A42298BD1A90051C4D2 /* Frameworks */ = {
			isa = PBXFrameworksBuildPhase;
			buildActionMask = 2147483647;
			files = (
			);
			runOnlyForDeploymentPostprocessing = 0;
		};
		04C99A4D298BD1A90051C4D2 /* Frameworks */ = {
			isa = PBXFrameworksBuildPhase;
			buildActionMask = 2147483647;
			files = (
			);
			runOnlyForDeploymentPostprocessing = 0;
		};
/* End PBXFrameworksBuildPhase section */

/* Begin PBXGroup section */
		041527E9298E84A900D6F813 /* Fonts */ = {
			isa = PBXGroup;
			children = (
				0443D3FF2993B6DD007D4E65 /* DatingHistoria-Regular.ttf */,
			);
			path = Fonts;
			sourceTree = "<group>";
		};
		04C99A28298BD1A80051C4D2 = {
			isa = PBXGroup;
			children = (
				04C99A33298BD1A80051C4D2 /* Harry Potter Characters */,
				04C99A48298BD1A90051C4D2 /* Harry Potter CharactersTests */,
				04C99A53298BD1A90051C4D2 /* Harry Potter CharactersUITests */,
				04C99A32298BD1A80051C4D2 /* Products */,
			);
			sourceTree = "<group>";
		};
		04C99A32298BD1A80051C4D2 /* Products */ = {
			isa = PBXGroup;
			children = (
				04C99A31298BD1A80051C4D2 /* Harry Potter Characters.app */,
				04C99A45298BD1A90051C4D2 /* Harry Potter CharactersTests.xctest */,
				04C99A50298BD1A90051C4D2 /* Harry Potter CharactersUITests.xctest */,
			);
			name = Products;
			sourceTree = "<group>";
		};
		04C99A33298BD1A80051C4D2 /* Harry Potter Characters */ = {
			isa = PBXGroup;
			children = (
				04C99A64298BD1CD0051C4D2 /* Model */,
				04C99A66298BD1E30051C4D2 /* Service */,
				04C99A63298BD1C40051C4D2 /* View */,
				04C99A62298BD1BA0051C4D2 /* Controller */,
				04C99A6D298BE2760051C4D2 /* Extensions */,
				041527E9298E84A900D6F813 /* Fonts */,
				04C99A3B298BD1A90051C4D2 /* Assets.xcassets */,
				04C99A34298BD1A80051C4D2 /* AppDelegate.swift */,
				04C99A3D298BD1A90051C4D2 /* LaunchScreen.storyboard */,
				04C99A40298BD1A90051C4D2 /* Info.plist */,
			);
			path = "Harry Potter Characters";
			sourceTree = "<group>";
		};
		04C99A48298BD1A90051C4D2 /* Harry Potter CharactersTests */ = {
			isa = PBXGroup;
			children = (
				04C99A49298BD1A90051C4D2 /* Harry_Potter_CharactersTests.swift */,
				04C99A4B298BD1A90051C4D2 /* Info.plist */,
			);
			path = "Harry Potter CharactersTests";
			sourceTree = "<group>";
		};
		04C99A53298BD1A90051C4D2 /* Harry Potter CharactersUITests */ = {
			isa = PBXGroup;
			children = (
				04C99A54298BD1A90051C4D2 /* Harry_Potter_CharactersUITests.swift */,
				04C99A56298BD1A90051C4D2 /* Info.plist */,
			);
			path = "Harry Potter CharactersUITests";
			sourceTree = "<group>";
		};
		04C99A62298BD1BA0051C4D2 /* Controller */ = {
			isa = PBXGroup;
			children = (
				04C99A67298BD5810051C4D2 /* CharactersViewController.swift */,
				0474C21629912634005ABD7D /* CharacterDetailInfoController.swift */,
			);
			path = Controller;
			sourceTree = "<group>";
		};
		04C99A63298BD1C40051C4D2 /* View */ = {
			isa = PBXGroup;
			children = (
				04C99A70298BEBBA0051C4D2 /* CharacterCell.swift */,
				0474C218299126D1005ABD7D /* CharacterInfoView.swift */,
			);
			path = View;
			sourceTree = "<group>";
		};
		04C99A64298BD1CD0051C4D2 /* Model */ = {
			isa = PBXGroup;
			children = (
				04C99A69298BDD830051C4D2 /* Character.swift */,
			);
			path = Model;
			sourceTree = "<group>";
		};
		04C99A66298BD1E30051C4D2 /* Service */ = {
			isa = PBXGroup;
			children = (
				04C99A72298BF0F30051C4D2 /* NetworkManager.swift */,
			);
			path = Service;
			sourceTree = "<group>";
		};
		04C99A6D298BE2760051C4D2 /* Extensions */ = {
			isa = PBXGroup;
			children = (
				04C99A6E298BE5200051C4D2 /* Extensions.swift */,
			);
			path = Extensions;
			sourceTree = "<group>";
		};
/* End PBXGroup section */

/* Begin PBXNativeTarget section */
		04C99A30298BD1A80051C4D2 /* Harry Potter Characters */ = {
			isa = PBXNativeTarget;
			buildConfigurationList = 04C99A59298BD1A90051C4D2 /* Build configuration list for PBXNativeTarget "Harry Potter Characters" */;
			buildPhases = (
				04C99A2D298BD1A80051C4D2 /* Sources */,
				04C99A2E298BD1A80051C4D2 /* Frameworks */,
				04C99A2F298BD1A80051C4D2 /* Resources */,
			);
			buildRules = (
			);
			dependencies = (
			);
			name = "Harry Potter Characters";
			productName = "Harry Potter Characters";
			productReference = 04C99A31298BD1A80051C4D2 /* Harry Potter Characters.app */;
			productType = "com.apple.product-type.application";
		};
		04C99A44298BD1A90051C4D2 /* Harry Potter CharactersTests */ = {
			isa = PBXNativeTarget;
			buildConfigurationList = 04C99A5C298BD1A90051C4D2 /* Build configuration list for PBXNativeTarget "Harry Potter CharactersTests" */;
			buildPhases = (
				04C99A41298BD1A90051C4D2 /* Sources */,
				04C99A42298BD1A90051C4D2 /* Frameworks */,
				04C99A43298BD1A90051C4D2 /* Resources */,
			);
			buildRules = (
			);
			dependencies = (
				04C99A47298BD1A90051C4D2 /* PBXTargetDependency */,
			);
			name = "Harry Potter CharactersTests";
			productName = "Harry Potter CharactersTests";
			productReference = 04C99A45298BD1A90051C4D2 /* Harry Potter CharactersTests.xctest */;
			productType = "com.apple.product-type.bundle.unit-test";
		};
		04C99A4F298BD1A90051C4D2 /* Harry Potter CharactersUITests */ = {
			isa = PBXNativeTarget;
			buildConfigurationList = 04C99A5F298BD1A90051C4D2 /* Build configuration list for PBXNativeTarget "Harry Potter CharactersUITests" */;
			buildPhases = (
				04C99A4C298BD1A90051C4D2 /* Sources */,
				04C99A4D298BD1A90051C4D2 /* Frameworks */,
				04C99A4E298BD1A90051C4D2 /* Resources */,
			);
			buildRules = (
			);
			dependencies = (
				04C99A52298BD1A90051C4D2 /* PBXTargetDependency */,
			);
			name = "Harry Potter CharactersUITests";
			productName = "Harry Potter CharactersUITests";
			productReference = 04C99A50298BD1A90051C4D2 /* Harry Potter CharactersUITests.xctest */;
			productType = "com.apple.product-type.bundle.ui-testing";
		};
/* End PBXNativeTarget section */

/* Begin PBXProject section */
		04C99A29298BD1A80051C4D2 /* Project object */ = {
			isa = PBXProject;
			attributes = {
				LastSwiftUpdateCheck = 1030;
				LastUpgradeCheck = 1030;
				ORGANIZATIONNAME = "Sviridova Maria";
				TargetAttributes = {
					04C99A30298BD1A80051C4D2 = {
						CreatedOnToolsVersion = 10.3;
					};
					04C99A44298BD1A90051C4D2 = {
						CreatedOnToolsVersion = 10.3;
						TestTargetID = 04C99A30298BD1A80051C4D2;
					};
					04C99A4F298BD1A90051C4D2 = {
						CreatedOnToolsVersion = 10.3;
						TestTargetID = 04C99A30298BD1A80051C4D2;
					};
				};
			};
			buildConfigurationList = 04C99A2C298BD1A80051C4D2 /* Build configuration list for PBXProject "Harry Potter Characters" */;
			compatibilityVersion = "Xcode 10.0";
			developmentRegion = en;
			hasScannedForEncodings = 0;
			knownRegions = (
				en,
				Base,
			);
			mainGroup = 04C99A28298BD1A80051C4D2;
			productRefGroup = 04C99A32298BD1A80051C4D2 /* Products */;
			projectDirPath = "";
			projectRoot = "";
			targets = (
				04C99A30298BD1A80051C4D2 /* Harry Potter Characters */,
				04C99A44298BD1A90051C4D2 /* Harry Potter CharactersTests */,
				04C99A4F298BD1A90051C4D2 /* Harry Potter CharactersUITests */,
			);
		};
/* End PBXProject section */

/* Begin PBXResourcesBuildPhase section */
		04C99A2F298BD1A80051C4D2 /* Resources */ = {
			isa = PBXResourcesBuildPhase;
			buildActionMask = 2147483647;
			files = (
				04C99A3F298BD1A90051C4D2 /* LaunchScreen.storyboard in Resources */,
				0443D4002993B6DD007D4E65 /* DatingHistoria-Regular.ttf in Resources */,
				04C99A3C298BD1A90051C4D2 /* Assets.xcassets in Resources */,
			);
			runOnlyForDeploymentPostprocessing = 0;
		};
		04C99A43298BD1A90051C4D2 /* Resources */ = {
			isa = PBXResourcesBuildPhase;
			buildActionMask = 2147483647;
			files = (
			);
			runOnlyForDeploymentPostprocessing = 0;
		};
		04C99A4E298BD1A90051C4D2 /* Resources */ = {
			isa = PBXResourcesBuildPhase;
			buildActionMask = 2147483647;
			files = (
			);
			runOnlyForDeploymentPostprocessing = 0;
		};
/* End PBXResourcesBuildPhase section */

/* Begin PBXSourcesBuildPhase section */
		04C99A2D298BD1A80051C4D2 /* Sources */ = {
			isa = PBXSourcesBuildPhase;
			buildActionMask = 2147483647;
			files = (
				04C99A6F298BE5200051C4D2 /* Extensions.swift in Sources */,
				0474C219299126D1005ABD7D /* CharacterInfoView.swift in Sources */,
				04C99A6A298BDD830051C4D2 /* Character.swift in Sources */,
				04C99A73298BF0F30051C4D2 /* NetworkManager.swift in Sources */,
				04C99A71298BEBBA0051C4D2 /* CharacterCell.swift in Sources */,
				04C99A68298BD5810051C4D2 /* CharactersViewController.swift in Sources */,
				0474C21729912634005ABD7D /* CharacterDetailInfoController.swift in Sources */,
				04C99A35298BD1A80051C4D2 /* AppDelegate.swift in Sources */,
			);
			runOnlyForDeploymentPostprocessing = 0;
		};
		04C99A41298BD1A90051C4D2 /* Sources */ = {
			isa = PBXSourcesBuildPhase;
			buildActionMask = 2147483647;
			files = (
				04C99A4A298BD1A90051C4D2 /* Harry_Potter_CharactersTests.swift in Sources */,
			);
			runOnlyForDeploymentPostprocessing = 0;
		};
		04C99A4C298BD1A90051C4D2 /* Sources */ = {
			isa = PBXSourcesBuildPhase;
			buildActionMask = 2147483647;
			files = (
				04C99A55298BD1A90051C4D2 /* Harry_Potter_CharactersUITests.swift in Sources */,
			);
			runOnlyForDeploymentPostprocessing = 0;
		};
/* End PBXSourcesBuildPhase section */

/* Begin PBXTargetDependency section */
		04C99A47298BD1A90051C4D2 /* PBXTargetDependency */ = {
			isa = PBXTargetDependency;
			target = 04C99A30298BD1A80051C4D2 /* Harry Potter Characters */;
			targetProxy = 04C99A46298BD1A90051C4D2 /* PBXContainerItemProxy */;
		};
		04C99A52298BD1A90051C4D2 /* PBXTargetDependency */ = {
			isa = PBXTargetDependency;
			target = 04C99A30298BD1A80051C4D2 /* Harry Potter Characters */;
			targetProxy = 04C99A51298BD1A90051C4D2 /* PBXContainerItemProxy */;
		};
/* End PBXTargetDependency section */

/* Begin PBXVariantGroup section */
		04C99A3D298BD1A90051C4D2 /* LaunchScreen.storyboard */ = {
			isa = PBXVariantGroup;
			children = (
				04C99A3E298BD1A90051C4D2 /* Base */,
			);
			name = LaunchScreen.storyboard;
			sourceTree = "<group>";
		};
/* End PBXVariantGroup section */

/* Begin XCBuildConfiguration section */
		04C99A57298BD1A90051C4D2 /* Debug */ = {
			isa = XCBuildConfiguration;
			buildSettings = {
				ALWAYS_SEARCH_USER_PATHS = NO;
				CLANG_ANALYZER_NONNULL = YES;
				CLANG_ANALYZER_NUMBER_OBJECT_CONVERSION = YES_AGGRESSIVE;
				CLANG_CXX_LANGUAGE_STANDARD = "gnu++14";
				CLANG_CXX_LIBRARY = "libc++";
				CLANG_ENABLE_MODULES = YES;
				CLANG_ENABLE_OBJC_ARC = YES;
				CLANG_ENABLE_OBJC_WEAK = YES;
				CLANG_WARN_BLOCK_CAPTURE_AUTORELEASING = YES;
				CLANG_WARN_BOOL_CONVERSION = YES;
				CLANG_WARN_COMMA = YES;
				CLANG_WARN_CONSTANT_CONVERSION = YES;
				CLANG_WARN_DEPRECATED_OBJC_IMPLEMENTATIONS = YES;
				CLANG_WARN_DIRECT_OBJC_ISA_USAGE = YES_ERROR;
				CLANG_WARN_DOCUMENTATION_COMMENTS = YES;
				CLANG_WARN_EMPTY_BODY = YES;
				CLANG_WARN_ENUM_CONVERSION = YES;
				CLANG_WARN_INFINITE_RECURSION = YES;
				CLANG_WARN_INT_CONVERSION = YES;
				CLANG_WARN_NON_LITERAL_NULL_CONVERSION = YES;
				CLANG_WARN_OBJC_IMPLICIT_RETAIN_SELF = YES;
				CLANG_WARN_OBJC_LITERAL_CONVERSION = YES;
				CLANG_WARN_OBJC_ROOT_CLASS = YES_ERROR;
				CLANG_WARN_RANGE_LOOP_ANALYSIS = YES;
				CLANG_WARN_STRICT_PROTOTYPES = YES;
				CLANG_WARN_SUSPICIOUS_MOVE = YES;
				CLANG_WARN_UNGUARDED_AVAILABILITY = YES_AGGRESSIVE;
				CLANG_WARN_UNREACHABLE_CODE = YES;
				CLANG_WARN__DUPLICATE_METHOD_MATCH = YES;
				CODE_SIGN_IDENTITY = "iPhone Developer";
				COPY_PHASE_STRIP = NO;
				DEBUG_INFORMATION_FORMAT = dwarf;
				ENABLE_STRICT_OBJC_MSGSEND = YES;
				ENABLE_TESTABILITY = YES;
				GCC_C_LANGUAGE_STANDARD = gnu11;
				GCC_DYNAMIC_NO_PIC = NO;
				GCC_NO_COMMON_BLOCKS = YES;
				GCC_OPTIMIZATION_LEVEL = 0;
				GCC_PREPROCESSOR_DEFINITIONS = (
					"DEBUG=1",
					"$(inherited)",
				);
				GCC_WARN_64_TO_32_BIT_CONVERSION = YES;
				GCC_WARN_ABOUT_RETURN_TYPE = YES_ERROR;
				GCC_WARN_UNDECLARED_SELECTOR = YES;
				GCC_WARN_UNINITIALIZED_AUTOS = YES_AGGRESSIVE;
				GCC_WARN_UNUSED_FUNCTION = YES;
				GCC_WARN_UNUSED_VARIABLE = YES;
				IPHONEOS_DEPLOYMENT_TARGET = 12.4;
				MTL_ENABLE_DEBUG_INFO = INCLUDE_SOURCE;
				MTL_FAST_MATH = YES;
				ONLY_ACTIVE_ARCH = YES;
				SDKROOT = iphoneos;
				SWIFT_ACTIVE_COMPILATION_CONDITIONS = DEBUG;
				SWIFT_OPTIMIZATION_LEVEL = "-Onone";
			};
			name = Debug;
		};
		04C99A58298BD1A90051C4D2 /* Release */ = {
			isa = XCBuildConfiguration;
			buildSettings = {
				ALWAYS_SEARCH_USER_PATHS = NO;
				CLANG_ANALYZER_NONNULL = YES;
				CLANG_ANALYZER_NUMBER_OBJECT_CONVERSION = YES_AGGRESSIVE;
				CLANG_CXX_LANGUAGE_STANDARD = "gnu++14";
				CLANG_CXX_LIBRARY = "libc++";
				CLANG_ENABLE_MODULES = YES;
				CLANG_ENABLE_OBJC_ARC = YES;
				CLANG_ENABLE_OBJC_WEAK = YES;
				CLANG_WARN_BLOCK_CAPTURE_AUTORELEASING = YES;
				CLANG_WARN_BOOL_CONVERSION = YES;
				CLANG_WARN_COMMA = YES;
				CLANG_WARN_CONSTANT_CONVERSION = YES;
				CLANG_WARN_DEPRECATED_OBJC_IMPLEMENTATIONS = YES;
				CLANG_WARN_DIRECT_OBJC_ISA_USAGE = YES_ERROR;
				CLANG_WARN_DOCUMENTATION_COMMENTS = YES;
				CLANG_WARN_EMPTY_BODY = YES;
				CLANG_WARN_ENUM_CONVERSION = YES;
				CLANG_WARN_INFINITE_RECURSION = YES;
				CLANG_WARN_INT_CONVERSION = YES;
				CLANG_WARN_NON_LITERAL_NULL_CONVERSION = YES;
				CLANG_WARN_OBJC_IMPLICIT_RETAIN_SELF = YES;
				CLANG_WARN_OBJC_LITERAL_CONVERSION = YES;
				CLANG_WARN_OBJC_ROOT_CLASS = YES_ERROR;
				CLANG_WARN_RANGE_LOOP_ANALYSIS = YES;
				CLANG_WARN_STRICT_PROTOTYPES = YES;
				CLANG_WARN_SUSPICIOUS_MOVE = YES;
				CLANG_WARN_UNGUARDED_AVAILABILITY = YES_AGGRESSIVE;
				CLANG_WARN_UNREACHABLE_CODE = YES;
				CLANG_WARN__DUPLICATE_METHOD_MATCH = YES;
				CODE_SIGN_IDENTITY = "iPhone Developer";
				COPY_PHASE_STRIP = NO;
				DEBUG_INFORMATION_FORMAT = "dwarf-with-dsym";
				ENABLE_NS_ASSERTIONS = NO;
				ENABLE_STRICT_OBJC_MSGSEND = YES;
				GCC_C_LANGUAGE_STANDARD = gnu11;
				GCC_NO_COMMON_BLOCKS = YES;
				GCC_WARN_64_TO_32_BIT_CONVERSION = YES;
				GCC_WARN_ABOUT_RETURN_TYPE = YES_ERROR;
				GCC_WARN_UNDECLARED_SELECTOR = YES;
				GCC_WARN_UNINITIALIZED_AUTOS = YES_AGGRESSIVE;
				GCC_WARN_UNUSED_FUNCTION = YES;
				GCC_WARN_UNUSED_VARIABLE = YES;
				IPHONEOS_DEPLOYMENT_TARGET = 12.4;
				MTL_ENABLE_DEBUG_INFO = NO;
				MTL_FAST_MATH = YES;
				SDKROOT = iphoneos;
				SWIFT_COMPILATION_MODE = wholemodule;
				SWIFT_OPTIMIZATION_LEVEL = "-O";
				VALIDATE_PRODUCT = YES;
			};
			name = Release;
		};
		04C99A5A298BD1A90051C4D2 /* Debug */ = {
			isa = XCBuildConfiguration;
			buildSettings = {
				ASSETCATALOG_COMPILER_APPICON_NAME = AppIcon;
				CODE_SIGN_STYLE = Automatic;
				DEVELOPMENT_TEAM = X6AS9Z2UNC;
				INFOPLIST_FILE = "Harry Potter Characters/Info.plist";
				LD_RUNPATH_SEARCH_PATHS = (
					"$(inherited)",
					"@executable_path/Frameworks",
				);
				PRODUCT_BUNDLE_IDENTIFIER = "mssvrk.Harry-Potter-Characters";
				PRODUCT_NAME = "$(TARGET_NAME)";
				SWIFT_VERSION = 5.0;
				TARGETED_DEVICE_FAMILY = "1,2";
			};
			name = Debug;
		};
		04C99A5B298BD1A90051C4D2 /* Release */ = {
			isa = XCBuildConfiguration;
			buildSettings = {
				ASSETCATALOG_COMPILER_APPICON_NAME = AppIcon;
				CODE_SIGN_STYLE = Automatic;
				DEVELOPMENT_TEAM = X6AS9Z2UNC;
				INFOPLIST_FILE = "Harry Potter Characters/Info.plist";
				LD_RUNPATH_SEARCH_PATHS = (
					"$(inherited)",
					"@executable_path/Frameworks",
				);
				PRODUCT_BUNDLE_IDENTIFIER = "mssvrk.Harry-Potter-Characters";
				PRODUCT_NAME = "$(TARGET_NAME)";
				SWIFT_VERSION = 5.0;
				TARGETED_DEVICE_FAMILY = "1,2";
			};
			name = Release;
		};
		04C99A5D298BD1A90051C4D2 /* Debug */ = {
			isa = XCBuildConfiguration;
			buildSettings = {
				ALWAYS_EMBED_SWIFT_STANDARD_LIBRARIES = YES;
				BUNDLE_LOADER = "$(TEST_HOST)";
				CODE_SIGN_STYLE = Automatic;
				DEVELOPMENT_TEAM = X6AS9Z2UNC;
				INFOPLIST_FILE = "Harry Potter CharactersTests/Info.plist";
				LD_RUNPATH_SEARCH_PATHS = (
					"$(inherited)",
					"@executable_path/Frameworks",
					"@loader_path/Frameworks",
				);
				PRODUCT_BUNDLE_IDENTIFIER = "MariaSviridova.Harry-Potter-CharactersTests";
				PRODUCT_NAME = "$(TARGET_NAME)";
				SWIFT_VERSION = 5.0;
				TARGETED_DEVICE_FAMILY = "1,2";
				TEST_HOST = "$(BUILT_PRODUCTS_DIR)/Harry Potter Characters.app/Harry Potter Characters";
			};
			name = Debug;
		};
		04C99A5E298BD1A90051C4D2 /* Release */ = {
			isa = XCBuildConfiguration;
			buildSettings = {
				ALWAYS_EMBED_SWIFT_STANDARD_LIBRARIES = YES;
				BUNDLE_LOADER = "$(TEST_HOST)";
				CODE_SIGN_STYLE = Automatic;
				DEVELOPMENT_TEAM = X6AS9Z2UNC;
				INFOPLIST_FILE = "Harry Potter CharactersTests/Info.plist";
				LD_RUNPATH_SEARCH_PATHS = (
					"$(inherited)",
					"@executable_path/Frameworks",
					"@loader_path/Frameworks",
				);
				PRODUCT_BUNDLE_IDENTIFIER = "MariaSviridova.Harry-Potter-CharactersTests";
				PRODUCT_NAME = "$(TARGET_NAME)";
				SWIFT_VERSION = 5.0;
				TARGETED_DEVICE_FAMILY = "1,2";
				TEST_HOST = "$(BUILT_PRODUCTS_DIR)/Harry Potter Characters.app/Harry Potter Characters";
			};
			name = Release;
		};
		04C99A60298BD1A90051C4D2 /* Debug */ = {
			isa = XCBuildConfiguration;
			buildSettings = {
				ALWAYS_EMBED_SWIFT_STANDARD_LIBRARIES = YES;
				CODE_SIGN_STYLE = Automatic;
				DEVELOPMENT_TEAM = X6AS9Z2UNC;
				INFOPLIST_FILE = "Harry Potter CharactersUITests/Info.plist";
				LD_RUNPATH_SEARCH_PATHS = (
					"$(inherited)",
					"@executable_path/Frameworks",
					"@loader_path/Frameworks",
				);
				PRODUCT_BUNDLE_IDENTIFIER = "MariaSviridova.Harry-Potter-CharactersUITests";
				PRODUCT_NAME = "$(TARGET_NAME)";
				SWIFT_VERSION = 5.0;
				TARGETED_DEVICE_FAMILY = "1,2";
				TEST_TARGET_NAME = "Harry Potter Characters";
			};
			name = Debug;
		};
		04C99A61298BD1A90051C4D2 /* Release */ = {
			isa = XCBuildConfiguration;
			buildSettings = {
				ALWAYS_EMBED_SWIFT_STANDARD_LIBRARIES = YES;
				CODE_SIGN_STYLE = Automatic;
				DEVELOPMENT_TEAM = X6AS9Z2UNC;
				INFOPLIST_FILE = "Harry Potter CharactersUITests/Info.plist";
				LD_RUNPATH_SEARCH_PATHS = (
					"$(inherited)",
					"@executable_path/Frameworks",
					"@loader_path/Frameworks",
				);
				PRODUCT_BUNDLE_IDENTIFIER = "MariaSviridova.Harry-Potter-CharactersUITests";
				PRODUCT_NAME = "$(TARGET_NAME)";
				SWIFT_VERSION = 5.0;
				TARGETED_DEVICE_FAMILY = "1,2";
				TEST_TARGET_NAME = "Harry Potter Characters";
			};
			name = Release;
		};
/* End XCBuildConfiguration section */

/* Begin XCConfigurationList section */
		04C99A2C298BD1A80051C4D2 /* Build configuration list for PBXProject "Harry Potter Characters" */ = {
			isa = XCConfigurationList;
			buildConfigurations = (
				04C99A57298BD1A90051C4D2 /* Debug */,
				04C99A58298BD1A90051C4D2 /* Release */,
			);
			defaultConfigurationIsVisible = 0;
			defaultConfigurationName = Release;
		};
		04C99A59298BD1A90051C4D2 /* Build configuration list for PBXNativeTarget "Harry Potter Characters" */ = {
			isa = XCConfigurationList;
			buildConfigurations = (
				04C99A5A298BD1A90051C4D2 /* Debug */,
				04C99A5B298BD1A90051C4D2 /* Release */,
			);
			defaultConfigurationIsVisible = 0;
			defaultConfigurationName = Release;
		};
		04C99A5C298BD1A90051C4D2 /* Build configuration list for PBXNativeTarget "Harry Potter CharactersTests" */ = {
			isa = XCConfigurationList;
			buildConfigurations = (
				04C99A5D298BD1A90051C4D2 /* Debug */,
				04C99A5E298BD1A90051C4D2 /* Release */,
			);
			defaultConfigurationIsVisible = 0;
			defaultConfigurationName = Release;
		};
		04C99A5F298BD1A90051C4D2 /* Build configuration list for PBXNativeTarget "Harry Potter CharactersUITests" */ = {
			isa = XCConfigurationList;
			buildConfigurations = (
				04C99A60298BD1A90051C4D2 /* Debug */,
				04C99A61298BD1A90051C4D2 /* Release */,
			);
			defaultConfigurationIsVisible = 0;
			defaultConfigurationName = Release;
		};
/* End XCConfigurationList section */
	};
	rootObject = 04C99A29298BD1A80051C4D2 /* Project object */;
}
